
Microsoft Visual Studio Solution File, Format Version 12.00
# Visual Studio 15
VisualStudioVersion = 15.0.28307.757
MinimumVisualStudioVersion = 10.0.40219.1
Project("{FAE04EC0-301F-11D3-BF4B-00C04F79EFBC}") = "Oriana_Garcia_TP1_PROG3", "Oriana_Garcia_TP1_PROG3\Oriana_Garcia_TP1_PROG3.csproj", "{05D001D5-ED07-439D-BC74-0AEC90472F75}"
EndProject
Global
	GlobalSection(SolutionConfigurationPlatforms) = preSolution
		Debug|Any CPU = Debug|Any CPU
		Release|Any CPU = Release|Any CPU
	EndGlobalSection
	GlobalSection(ProjectConfigurationPlatforms) = postSolution
		{05D001D5-ED07-439D-BC74-0AEC90472F75}.Debug|Any CPU.ActiveCfg = Debug|Any CPU
		{05D001D5-ED07-439D-BC74-0AEC90472F75}.Debug|Any CPU.Build.0 = Debug|Any CPU
		{05D001D5-ED07-439D-BC74-0AEC90472F75}.Release|Any CPU.ActiveCfg = Release|Any CPU
		{05D001D5-ED07-439D-BC74-0AEC90472F75}.Release|Any CPU.Build.0 = Release|Any CPU
	EndGlobalSection
	GlobalSection(SolutionProperties) = preSolution
		HideSolutionNode = FALSE
	EndGlobalSection
	GlobalSection(ExtensibilityGlobals) = postSolution
		SolutionGuid = {EE66449D-6938-41B5-850D-BBEB6A2853F0}
	EndGlobalSection
EndGlobal
